// !$*UTF8*$!
{
	archiveVersion = 1;
	classes = {
	};
	objectVersion = 55;
	objects = {

/* Begin PBXBuildFile section */
		0596091D2742F47600D2B4CD /* DogsViewController.swift in Sources */ = {isa = PBXBuildFile; fileRef = 0596091C2742F47600D2B4CD /* DogsViewController.swift */; };
		059609202742F48E00D2B4CD /* DogsPresenter.swift in Sources */ = {isa = PBXBuildFile; fileRef = 0596091F2742F48E00D2B4CD /* DogsPresenter.swift */; };
		059609222742F49700D2B4CD /* DogsInteractor.swift in Sources */ = {isa = PBXBuildFile; fileRef = 059609212742F49700D2B4CD /* DogsInteractor.swift */; };
		059609282742F4F700D2B4CD /* DogsService.swift in Sources */ = {isa = PBXBuildFile; fileRef = 059609272742F4F700D2B4CD /* DogsService.swift */; };
		0596092A2742F50200D2B4CD /* DogsModuleBuilder.swift in Sources */ = {isa = PBXBuildFile; fileRef = 059609292742F50200D2B4CD /* DogsModuleBuilder.swift */; };
		0596092C2742F51700D2B4CD /* Dog.swift in Sources */ = {isa = PBXBuildFile; fileRef = 0596092B2742F51700D2B4CD /* Dog.swift */; };
		059609312742F75200D2B4CD /* DogsInteractorIO.swift in Sources */ = {isa = PBXBuildFile; fileRef = 059609302742F75200D2B4CD /* DogsInteractorIO.swift */; };
		059609332742F75E00D2B4CD /* DogsPresenterIO.swift in Sources */ = {isa = PBXBuildFile; fileRef = 059609322742F75E00D2B4CD /* DogsPresenterIO.swift */; };
		059609352742F76900D2B4CD /* DogsViewIO.swift in Sources */ = {isa = PBXBuildFile; fileRef = 059609342742F76900D2B4CD /* DogsViewIO.swift */; };
		0596093A274303EC00D2B4CD /* DogsRemoteDataSource.swift in Sources */ = {isa = PBXBuildFile; fileRef = 05960939274303EC00D2B4CD /* DogsRemoteDataSource.swift */; };
		0596093C27430C4000D2B4CD /* Main.storyboard in Resources */ = {isa = PBXBuildFile; fileRef = 0596093B27430C4000D2B4CD /* Main.storyboard */; };
		05E766352743C1B20057A094 /* Kingfisher in Frameworks */ = {isa = PBXBuildFile; productRef = 05E766342743C1B20057A094 /* Kingfisher */; };
		05E766392743F0D50057A094 /* ServiceDataSourceAdapter.swift in Sources */ = {isa = PBXBuildFile; fileRef = 05E766382743F0D50057A094 /* ServiceDataSourceAdapter.swift */; };
		05E7663B2743F0F80057A094 /* DogResponseModel.swift in Sources */ = {isa = PBXBuildFile; fileRef = 05E7663A2743F0F80057A094 /* DogResponseModel.swift */; };
		05F9010B27418297007B6524 /* AppDelegate.swift in Sources */ = {isa = PBXBuildFile; fileRef = 05F9010A27418297007B6524 /* AppDelegate.swift */; };
		05F9010D27418297007B6524 /* SceneDelegate.swift in Sources */ = {isa = PBXBuildFile; fileRef = 05F9010C27418297007B6524 /* SceneDelegate.swift */; };
		05F9010F27418297007B6524 /* StartViewController.swift in Sources */ = {isa = PBXBuildFile; fileRef = 05F9010E27418297007B6524 /* StartViewController.swift */; };
		05F901142741829A007B6524 /* Assets.xcassets in Resources */ = {isa = PBXBuildFile; fileRef = 05F901132741829A007B6524 /* Assets.xcassets */; };
		05F901172741829A007B6524 /* LaunchScreen.storyboard in Resources */ = {isa = PBXBuildFile; fileRef = 05F901152741829A007B6524 /* LaunchScreen.storyboard */; };
/* End PBXBuildFile section */

/* Begin PBXFileReference section */
		0596091C2742F47600D2B4CD /* DogsViewController.swift */ = {isa = PBXFileReference; lastKnownFileType = sourcecode.swift; path = DogsViewController.swift; sourceTree = "<group>"; };
		0596091F2742F48E00D2B4CD /* DogsPresenter.swift */ = {isa = PBXFileReference; lastKnownFileType = sourcecode.swift; path = DogsPresenter.swift; sourceTree = "<group>"; };
		059609212742F49700D2B4CD /* DogsInteractor.swift */ = {isa = PBXFileReference; lastKnownFileType = sourcecode.swift; path = DogsInteractor.swift; sourceTree = "<group>"; };
		059609272742F4F700D2B4CD /* DogsService.swift */ = {isa = PBXFileReference; lastKnownFileType = sourcecode.swift; path = DogsService.swift; sourceTree = "<group>"; };
		059609292742F50200D2B4CD /* DogsModuleBuilder.swift */ = {isa = PBXFileReference; lastKnownFileType = sourcecode.swift; path = DogsModuleBuilder.swift; sourceTree = "<group>"; };
		0596092B2742F51700D2B4CD /* Dog.swift */ = {isa = PBXFileReference; lastKnownFileType = sourcecode.swift; path = Dog.swift; sourceTree = "<group>"; };
		059609302742F75200D2B4CD /* DogsInteractorIO.swift */ = {isa = PBXFileReference; lastKnownFileType = sourcecode.swift; path = DogsInteractorIO.swift; sourceTree = "<group>"; };
		059609322742F75E00D2B4CD /* DogsPresenterIO.swift */ = {isa = PBXFileReference; lastKnownFileType = sourcecode.swift; path = DogsPresenterIO.swift; sourceTree = "<group>"; };
		059609342742F76900D2B4CD /* DogsViewIO.swift */ = {isa = PBXFileReference; lastKnownFileType = sourcecode.swift; path = DogsViewIO.swift; sourceTree = "<group>"; };
		05960939274303EC00D2B4CD /* DogsRemoteDataSource.swift */ = {isa = PBXFileReference; lastKnownFileType = sourcecode.swift; path = DogsRemoteDataSource.swift; sourceTree = "<group>"; };
		0596093B27430C4000D2B4CD /* Main.storyboard */ = {isa = PBXFileReference; fileEncoding = 4; lastKnownFileType = file.storyboard; path = Main.storyboard; sourceTree = "<group>"; };
		05E766382743F0D50057A094 /* ServiceDataSourceAdapter.swift */ = {isa = PBXFileReference; lastKnownFileType = sourcecode.swift; path = ServiceDataSourceAdapter.swift; sourceTree = "<group>"; };
		05E7663A2743F0F80057A094 /* DogResponseModel.swift */ = {isa = PBXFileReference; lastKnownFileType = sourcecode.swift; path = DogResponseModel.swift; sourceTree = "<group>"; };
		05F9010727418297007B6524 /* MemoryManagment.app */ = {isa = PBXFileReference; explicitFileType = wrapper.application; includeInIndex = 0; path = MemoryManagment.app; sourceTree = BUILT_PRODUCTS_DIR; };
		05F9010A27418297007B6524 /* AppDelegate.swift */ = {isa = PBXFileReference; lastKnownFileType = sourcecode.swift; path = AppDelegate.swift; sourceTree = "<group>"; };
		05F9010C27418297007B6524 /* SceneDelegate.swift */ = {isa = PBXFileReference; lastKnownFileType = sourcecode.swift; path = SceneDelegate.swift; sourceTree = "<group>"; };
		05F9010E27418297007B6524 /* StartViewController.swift */ = {isa = PBXFileReference; lastKnownFileType = sourcecode.swift; path = StartViewController.swift; sourceTree = "<group>"; };
		05F901132741829A007B6524 /* Assets.xcassets */ = {isa = PBXFileReference; lastKnownFileType = folder.assetcatalog; path = Assets.xcassets; sourceTree = "<group>"; };
		05F901162741829A007B6524 /* Base */ = {isa = PBXFileReference; lastKnownFileType = file.storyboard; name = Base; path = Base.lproj/LaunchScreen.storyboard; sourceTree = "<group>"; };
		05F901182741829A007B6524 /* Info.plist */ = {isa = PBXFileReference; lastKnownFileType = text.plist.xml; path = Info.plist; sourceTree = "<group>"; };
/* End PBXFileReference section */

/* Begin PBXFrameworksBuildPhase section */
		05F9010427418297007B6524 /* Frameworks */ = {
			isa = PBXFrameworksBuildPhase;
			buildActionMask = 2147483647;
			files = (
				05E766352743C1B20057A094 /* Kingfisher in Frameworks */,
			);
			runOnlyForDeploymentPostprocessing = 0;
		};
/* End PBXFrameworksBuildPhase section */

/* Begin PBXGroup section */
		0596091B2742F2C800D2B4CD /* DogsModule */ = {
			isa = PBXGroup;
			children = (
				0596092F2742F73800D2B4CD /* Interactor */,
				0596092E2742F72F00D2B4CD /* Presenter */,
				0596092D2742F72900D2B4CD /* View */,
				059609292742F50200D2B4CD /* DogsModuleBuilder.swift */,
			);
			path = DogsModule;
			sourceTree = "<group>";
		};
		059609252742F4DF00D2B4CD /* Service */ = {
			isa = PBXGroup;
			children = (
				059609272742F4F700D2B4CD /* DogsService.swift */,
				05960939274303EC00D2B4CD /* DogsRemoteDataSource.swift */,
				05E766382743F0D50057A094 /* ServiceDataSourceAdapter.swift */,
			);
			path = Service;
			sourceTree = "<group>";
		};
		059609262742F4E600D2B4CD /* Model */ = {
			isa = PBXGroup;
			children = (
				0596092B2742F51700D2B4CD /* Dog.swift */,
				05E7663A2743F0F80057A094 /* DogResponseModel.swift */,
			);
			path = Model;
			sourceTree = "<group>";
		};
		0596092D2742F72900D2B4CD /* View */ = {
			isa = PBXGroup;
			children = (
				0596091C2742F47600D2B4CD /* DogsViewController.swift */,
				059609342742F76900D2B4CD /* DogsViewIO.swift */,
			);
			path = View;
			sourceTree = "<group>";
		};
		0596092E2742F72F00D2B4CD /* Presenter */ = {
			isa = PBXGroup;
			children = (
				0596091F2742F48E00D2B4CD /* DogsPresenter.swift */,
				059609322742F75E00D2B4CD /* DogsPresenterIO.swift */,
			);
			path = Presenter;
			sourceTree = "<group>";
		};
		0596092F2742F73800D2B4CD /* Interactor */ = {
			isa = PBXGroup;
			children = (
				059609212742F49700D2B4CD /* DogsInteractor.swift */,
				059609302742F75200D2B4CD /* DogsInteractorIO.swift */,
			);
			path = Interactor;
			sourceTree = "<group>";
		};
		05F900FE27418297007B6524 = {
			isa = PBXGroup;
			children = (
				05F9010927418297007B6524 /* MemoryManagment */,
				05F9010827418297007B6524 /* Products */,
			);
			sourceTree = "<group>";
		};
		05F9010827418297007B6524 /* Products */ = {
			isa = PBXGroup;
			children = (
				05F9010727418297007B6524 /* MemoryManagment.app */,
			);
			name = Products;
			sourceTree = "<group>";
		};
		05F9010927418297007B6524 /* MemoryManagment */ = {
			isa = PBXGroup;
			children = (
				059609262742F4E600D2B4CD /* Model */,
				059609252742F4DF00D2B4CD /* Service */,
				0596091B2742F2C800D2B4CD /* DogsModule */,
				05F9010A27418297007B6524 /* AppDelegate.swift */,
				0596093B27430C4000D2B4CD /* Main.storyboard */,
				05F9010C27418297007B6524 /* SceneDelegate.swift */,
				05F9010E27418297007B6524 /* StartViewController.swift */,
				05F901132741829A007B6524 /* Assets.xcassets */,
				05F901152741829A007B6524 /* LaunchScreen.storyboard */,
				05F901182741829A007B6524 /* Info.plist */,
			);
			path = MemoryManagment;
			sourceTree = "<group>";
		};
/* End PBXGroup section */

/* Begin PBXNativeTarget section */
		05F9010627418297007B6524 /* MemoryManagment */ = {
			isa = PBXNativeTarget;
			buildConfigurationList = 05F9011B2741829A007B6524 /* Build configuration list for PBXNativeTarget "MemoryManagment" */;
			buildPhases = (
				05F9010327418297007B6524 /* Sources */,
				05F9010427418297007B6524 /* Frameworks */,
				05F9010527418297007B6524 /* Resources */,
			);
			buildRules = (
			);
			dependencies = (
			);
			name = MemoryManagment;
			packageProductDependencies = (
				05E766342743C1B20057A094 /* Kingfisher */,
			);
			productName = MemoryManagment;
			productReference = 05F9010727418297007B6524 /* MemoryManagment.app */;
			productType = "com.apple.product-type.application";
		};
/* End PBXNativeTarget section */

/* Begin PBXProject section */
		05F900FF27418297007B6524 /* Project object */ = {
			isa = PBXProject;
			attributes = {
				BuildIndependentTargetsInParallel = 1;
				LastSwiftUpdateCheck = 1300;
				LastUpgradeCheck = 1300;
				TargetAttributes = {
					05F9010627418297007B6524 = {
						CreatedOnToolsVersion = 13.0;
					};
				};
			};
			buildConfigurationList = 05F9010227418297007B6524 /* Build configuration list for PBXProject "MemoryManagment" */;
			compatibilityVersion = "Xcode 13.0";
			developmentRegion = en;
			hasScannedForEncodings = 0;
			knownRegions = (
				en,
				Base,
			);
			mainGroup = 05F900FE27418297007B6524;
			packageReferences = (
				05E766332743C1B20057A094 /* XCRemoteSwiftPackageReference "Kingfisher" */,
			);
			productRefGroup = 05F9010827418297007B6524 /* Products */;
			projectDirPath = "";
			projectRoot = "";
			targets = (
				05F9010627418297007B6524 /* MemoryManagment */,
			);
		};
/* End PBXProject section */

/* Begin PBXResourcesBuildPhase section */
		05F9010527418297007B6524 /* Resources */ = {
			isa = PBXResourcesBuildPhase;
			buildActionMask = 2147483647;
			files = (
				0596093C27430C4000D2B4CD /* Main.storyboard in Resources */,
				05F901172741829A007B6524 /* LaunchScreen.storyboard in Resources */,
				05F901142741829A007B6524 /* Assets.xcassets in Resources */,
			);
			runOnlyForDeploymentPostprocessing = 0;
		};
/* End PBXResourcesBuildPhase section */

/* Begin PBXSourcesBuildPhase section */
		05F9010327418297007B6524 /* Sources */ = {
			isa = PBXSourcesBuildPhase;
			buildActionMask = 2147483647;
			files = (
				05F9010F27418297007B6524 /* StartViewController.swift in Sources */,
				05F9010B27418297007B6524 /* AppDelegate.swift in Sources */,
				059609202742F48E00D2B4CD /* DogsPresenter.swift in Sources */,
				059609352742F76900D2B4CD /* DogsViewIO.swift in Sources */,
				05E7663B2743F0F80057A094 /* DogResponseModel.swift in Sources */,
				05F9010D27418297007B6524 /* SceneDelegate.swift in Sources */,
				059609332742F75E00D2B4CD /* DogsPresenterIO.swift in Sources */,
				0596092A2742F50200D2B4CD /* DogsModuleBuilder.swift in Sources */,
				0596092C2742F51700D2B4CD /* Dog.swift in Sources */,
				0596091D2742F47600D2B4CD /* DogsViewController.swift in Sources */,
				059609312742F75200D2B4CD /* DogsInteractorIO.swift in Sources */,
				0596093A274303EC00D2B4CD /* DogsRemoteDataSource.swift in Sources */,
				059609222742F49700D2B4CD /* DogsInteractor.swift in Sources */,
				059609282742F4F700D2B4CD /* DogsService.swift in Sources */,
				05E766392743F0D50057A094 /* ServiceDataSourceAdapter.swift in Sources */,
			);
			runOnlyForDeploymentPostprocessing = 0;
		};
/* End PBXSourcesBuildPhase section */

/* Begin PBXVariantGroup section */
		05F901152741829A007B6524 /* LaunchScreen.storyboard */ = {
			isa = PBXVariantGroup;
			children = (
				05F901162741829A007B6524 /* Base */,
			);
			name = LaunchScreen.storyboard;
			sourceTree = "<group>";
		};
/* End PBXVariantGroup section */

/* Begin XCBuildConfiguration section */
		05F901192741829A007B6524 /* Debug */ = {
			isa = XCBuildConfiguration;
			buildSettings = {
				ALWAYS_SEARCH_USER_PATHS = NO;
				CLANG_ANALYZER_NONNULL = YES;
				CLANG_ANALYZER_NUMBER_OBJECT_CONVERSION = YES_AGGRESSIVE;
				CLANG_CXX_LANGUAGE_STANDARD = "gnu++17";
				CLANG_CXX_LIBRARY = "libc++";
				CLANG_ENABLE_MODULES = YES;
				CLANG_ENABLE_OBJC_ARC = YES;
				CLANG_ENABLE_OBJC_WEAK = YES;
				CLANG_WARN_BLOCK_CAPTURE_AUTORELEASING = YES;
				CLANG_WARN_BOOL_CONVERSION = YES;
				CLANG_WARN_COMMA = YES;
				CLANG_WARN_CONSTANT_CONVERSION = YES;
				CLANG_WARN_DEPRECATED_OBJC_IMPLEMENTATIONS = YES;
				CLANG_WARN_DIRECT_OBJC_ISA_USAGE = YES_ERROR;
				CLANG_WARN_DOCUMENTATION_COMMENTS = YES;
				CLANG_WARN_EMPTY_BODY = YES;
				CLANG_WARN_ENUM_CONVERSION = YES;
				CLANG_WARN_INFINITE_RECURSION = YES;
				CLANG_WARN_INT_CONVERSION = YES;
				CLANG_WARN_NON_LITERAL_NULL_CONVERSION = YES;
				CLANG_WARN_OBJC_IMPLICIT_RETAIN_SELF = YES;
				CLANG_WARN_OBJC_LITERAL_CONVERSION = YES;
				CLANG_WARN_OBJC_ROOT_CLASS = YES_ERROR;
				CLANG_WARN_QUOTED_INCLUDE_IN_FRAMEWORK_HEADER = YES;
				CLANG_WARN_RANGE_LOOP_ANALYSIS = YES;
				CLANG_WARN_STRICT_PROTOTYPES = YES;
				CLANG_WARN_SUSPICIOUS_MOVE = YES;
				CLANG_WARN_UNGUARDED_AVAILABILITY = YES_AGGRESSIVE;
				CLANG_WARN_UNREACHABLE_CODE = YES;
				CLANG_WARN__DUPLICATE_METHOD_MATCH = YES;
				COPY_PHASE_STRIP = NO;
				DEBUG_INFORMATION_FORMAT = dwarf;
				ENABLE_STRICT_OBJC_MSGSEND = YES;
				ENABLE_TESTABILITY = YES;
				GCC_C_LANGUAGE_STANDARD = gnu11;
				GCC_DYNAMIC_NO_PIC = NO;
				GCC_NO_COMMON_BLOCKS = YES;
				GCC_OPTIMIZATION_LEVEL = 0;
				GCC_PREPROCESSOR_DEFINITIONS = (
					"DEBUG=1",
					"$(inherited)",
				);
				GCC_WARN_64_TO_32_BIT_CONVERSION = YES;
				GCC_WARN_ABOUT_RETURN_TYPE = YES_ERROR;
				GCC_WARN_UNDECLARED_SELECTOR = YES;
				GCC_WARN_UNINITIALIZED_AUTOS = YES_AGGRESSIVE;
				GCC_WARN_UNUSED_FUNCTION = YES;
				GCC_WARN_UNUSED_VARIABLE = YES;
				IPHONEOS_DEPLOYMENT_TARGET = 15.0;
				MTL_ENABLE_DEBUG_INFO = INCLUDE_SOURCE;
				MTL_FAST_MATH = YES;
				ONLY_ACTIVE_ARCH = YES;
				SDKROOT = iphoneos;
				SWIFT_ACTIVE_COMPILATION_CONDITIONS = DEBUG;
				SWIFT_OPTIMIZATION_LEVEL = "-Onone";
			};
			name = Debug;
		};
		05F9011A2741829A007B6524 /* Release */ = {
			isa = XCBuildConfiguration;
			buildSettings = {
				ALWAYS_SEARCH_USER_PATHS = NO;
				CLANG_ANALYZER_NONNULL = YES;
				CLANG_ANALYZER_NUMBER_OBJECT_CONVERSION = YES_AGGRESSIVE;
				CLANG_CXX_LANGUAGE_STANDARD = "gnu++17";
				CLANG_CXX_LIBRARY = "libc++";
				CLANG_ENABLE_MODULES = YES;
				CLANG_ENABLE_OBJC_ARC = YES;
				CLANG_ENABLE_OBJC_WEAK = YES;
				CLANG_WARN_BLOCK_CAPTURE_AUTORELEASING = YES;
				CLANG_WARN_BOOL_CONVERSION = YES;
				CLANG_WARN_COMMA = YES;
				CLANG_WARN_CONSTANT_CONVERSION = YES;
				CLANG_WARN_DEPRECATED_OBJC_IMPLEMENTATIONS = YES;
				CLANG_WARN_DIRECT_OBJC_ISA_USAGE = YES_ERROR;
				CLANG_WARN_DOCUMENTATION_COMMENTS = YES;
				CLANG_WARN_EMPTY_BODY = YES;
				CLANG_WARN_ENUM_CONVERSION = YES;
				CLANG_WARN_INFINITE_RECURSION = YES;
				CLANG_WARN_INT_CONVERSION = YES;
				CLANG_WARN_NON_LITERAL_NULL_CONVERSION = YES;
				CLANG_WARN_OBJC_IMPLICIT_RETAIN_SELF = YES;
				CLANG_WARN_OBJC_LITERAL_CONVERSION = YES;
				CLANG_WARN_OBJC_ROOT_CLASS = YES_ERROR;
				CLANG_WARN_QUOTED_INCLUDE_IN_FRAMEWORK_HEADER = YES;
				CLANG_WARN_RANGE_LOOP_ANALYSIS = YES;
				CLANG_WARN_STRICT_PROTOTYPES = YES;
				CLANG_WARN_SUSPICIOUS_MOVE = YES;
				CLANG_WARN_UNGUARDED_AVAILABILITY = YES_AGGRESSIVE;
				CLANG_WARN_UNREACHABLE_CODE = YES;
				CLANG_WARN__DUPLICATE_METHOD_MATCH = YES;
				COPY_PHASE_STRIP = NO;
				DEBUG_INFORMATION_FORMAT = "dwarf-with-dsym";
				ENABLE_NS_ASSERTIONS = NO;
				ENABLE_STRICT_OBJC_MSGSEND = YES;
				GCC_C_LANGUAGE_STANDARD = gnu11;
				GCC_NO_COMMON_BLOCKS = YES;
				GCC_WARN_64_TO_32_BIT_CONVERSION = YES;
				GCC_WARN_ABOUT_RETURN_TYPE = YES_ERROR;
				GCC_WARN_UNDECLARED_SELECTOR = YES;
				GCC_WARN_UNINITIALIZED_AUTOS = YES_AGGRESSIVE;
				GCC_WARN_UNUSED_FUNCTION = YES;
				GCC_WARN_UNUSED_VARIABLE = YES;
				IPHONEOS_DEPLOYMENT_TARGET = 15.0;
				MTL_ENABLE_DEBUG_INFO = NO;
				MTL_FAST_MATH = YES;
				SDKROOT = iphoneos;
				SWIFT_COMPILATION_MODE = wholemodule;
				SWIFT_OPTIMIZATION_LEVEL = "-O";
				VALIDATE_PRODUCT = YES;
			};
			name = Release;
		};
		05F9011C2741829A007B6524 /* Debug */ = {
			isa = XCBuildConfiguration;
			buildSettings = {
				ASSETCATALOG_COMPILER_APPICON_NAME = AppIcon;
				ASSETCATALOG_COMPILER_GLOBAL_ACCENT_COLOR_NAME = AccentColor;
				CODE_SIGN_STYLE = Automatic;
				CURRENT_PROJECT_VERSION = 1;
				DEVELOPMENT_TEAM = K2QST44864;
				GENERATE_INFOPLIST_FILE = YES;
				INFOPLIST_FILE = MemoryManagment/Info.plist;
				INFOPLIST_KEY_UIApplicationSupportsIndirectInputEvents = YES;
				INFOPLIST_KEY_UILaunchStoryboardName = LaunchScreen;
				INFOPLIST_KEY_UISupportedInterfaceOrientations_iPad = "UIInterfaceOrientationPortrait UIInterfaceOrientationPortraitUpsideDown UIInterfaceOrientationLandscapeLeft UIInterfaceOrientationLandscapeRight";
				INFOPLIST_KEY_UISupportedInterfaceOrientations_iPhone = "UIInterfaceOrientationPortrait UIInterfaceOrientationLandscapeLeft UIInterfaceOrientationLandscapeRight";
				LD_RUNPATH_SEARCH_PATHS = (
					"$(inherited)",
					"@executable_path/Frameworks",
				);
				MARKETING_VERSION = 1.0;
				PRODUCT_BUNDLE_IDENTIFIER = com.Lyap.MemoryManagment;
				PRODUCT_NAME = "$(TARGET_NAME)";
				SWIFT_EMIT_LOC_STRINGS = YES;
				SWIFT_VERSION = 5.0;
				TARGETED_DEVICE_FAMILY = "1,2";
			};
			name = Debug;
		};
		05F9011D2741829A007B6524 /* Release */ = {
			isa = XCBuildConfiguration;
			buildSettings = {
				ASSETCATALOG_COMPILER_APPICON_NAME = AppIcon;
				ASSETCATALOG_COMPILER_GLOBAL_ACCENT_COLOR_NAME = AccentColor;
				CODE_SIGN_STYLE = Automatic;
				CURRENT_PROJECT_VERSION = 1;
				DEVELOPMENT_TEAM = K2QST44864;
				GENERATE_INFOPLIST_FILE = YES;
				INFOPLIST_FILE = MemoryManagment/Info.plist;
				INFOPLIST_KEY_UIApplicationSupportsIndirectInputEvents = YES;
				INFOPLIST_KEY_UILaunchStoryboardName = LaunchScreen;
				INFOPLIST_KEY_UISupportedInterfaceOrientations_iPad = "UIInterfaceOrientationPortrait UIInterfaceOrientationPortraitUpsideDown UIInterfaceOrientationLandscapeLeft UIInterfaceOrientationLandscapeRight";
				INFOPLIST_KEY_UISupportedInterfaceOrientations_iPhone = "UIInterfaceOrientationPortrait UIInterfaceOrientationLandscapeLeft UIInterfaceOrientationLandscapeRight";
				LD_RUNPATH_SEARCH_PATHS = (
					"$(inherited)",
					"@executable_path/Frameworks",
				);
				MARKETING_VERSION = 1.0;
				PRODUCT_BUNDLE_IDENTIFIER = com.Lyap.MemoryManagment;
				PRODUCT_NAME = "$(TARGET_NAME)";
				SWIFT_EMIT_LOC_STRINGS = YES;
				SWIFT_VERSION = 5.0;
				TARGETED_DEVICE_FAMILY = "1,2";
			};
			name = Release;
		};
/* End XCBuildConfiguration section */

/* Begin XCConfigurationList section */
		05F9010227418297007B6524 /* Build configuration list for PBXProject "MemoryManagment" */ = {
			isa = XCConfigurationList;
			buildConfigurations = (
				05F901192741829A007B6524 /* Debug */,
				05F9011A2741829A007B6524 /* Release */,
			);
			defaultConfigurationIsVisible = 0;
			defaultConfigurationName = Release;
		};
		05F9011B2741829A007B6524 /* Build configuration list for PBXNativeTarget "MemoryManagment" */ = {
			isa = XCConfigurationList;
			buildConfigurations = (
				05F9011C2741829A007B6524 /* Debug */,
				05F9011D2741829A007B6524 /* Release */,
			);
			defaultConfigurationIsVisible = 0;
			defaultConfigurationName = Release;
		};
/* End XCConfigurationList section */

/* Begin XCRemoteSwiftPackageReference section */
		05E766332743C1B20057A094 /* XCRemoteSwiftPackageReference "Kingfisher" */ = {
			isa = XCRemoteSwiftPackageReference;
			repositoryURL = "https://github.com/onevcat/Kingfisher";
			requirement = {
				branch = master;
				kind = branch;
			};
		};
/* End XCRemoteSwiftPackageReference section */

/* Begin XCSwiftPackageProductDependency section */
		05E766342743C1B20057A094 /* Kingfisher */ = {
			isa = XCSwiftPackageProductDependency;
			package = 05E766332743C1B20057A094 /* XCRemoteSwiftPackageReference "Kingfisher" */;
			productName = Kingfisher;
		};
/* End XCSwiftPackageProductDependency section */
	};
	rootObject = 05F900FF27418297007B6524 /* Project object */;
}
